
Microsoft Visual Studio Solution File, Format Version 12.00
# Visual Studio Version 17
VisualStudioVersion = 17.8.34309.116
MinimumVisualStudioVersion = 10.0.40219.1
Project("{2150E333-8FDC-42A3-9474-1A3956D46DE8}") = "Searching algorithms", "Searching algorithms", "{EDA88687-37E5-4CB0-B165-99C234663DCC}"
EndProject
Project("{2150E333-8FDC-42A3-9474-1A3956D46DE8}") = "Sorting algorithms", "Sorting algorithms", "{90AAC62F-6373-40D6-B54E-B5BF7AC25166}"
EndProject
Project("{2150E333-8FDC-42A3-9474-1A3956D46DE8}") = "Algorithms", "Algorithms", "{BDB42EA0-6473-45BF-8F24-3A2EA60CEC13}"
EndProject
Project("{2150E333-8FDC-42A3-9474-1A3956D46DE8}") = "Shares", "Shares", "{51CDAE2C-26DF-4EC6-8A66-D94120ECC850}"
EndProject
Project("{9A19103F-16F7-4668-BE54-9A1E7A4F7556}") = "LinearSearch", "Algorithms\Searching algorithms\LinearSearch\LinearSearch.csproj", "{B9861353-6ADF-4191-A847-F517ADD4B9A0}"
EndProject
Project("{9A19103F-16F7-4668-BE54-9A1E7A4F7556}") = "BinarySearch", "Algorithms\Searching algorithms\BinarySearch\BinarySearch.csproj", "{B70D8BBF-33EC-4FF9-84BB-E378CE03A3A7}"
EndProject
Project("{2150E333-8FDC-42A3-9474-1A3956D46DE8}") = "Custom Abstract data types algorithms", "Custom Abstract data types algorithms", "{97F18839-2773-43C8-A7C7-1E05888E8312}"
EndProject
Project("{9A19103F-16F7-4668-BE54-9A1E7A4F7556}") = "Graph", "Algorithms\Custom Abstract data types algorithms\Graph\Graph.csproj", "{E5C56C27-9074-4CAA-B1CB-A12F6B8F86CF}"
EndProject
Project("{2150E333-8FDC-42A3-9474-1A3956D46DE8}") = "Presentations", "Presentations", "{B3320665-C376-46E4-AA15-07C94C7998F4}"
EndProject
Project("{9A19103F-16F7-4668-BE54-9A1E7A4F7556}") = "DataStructuresAndAlgorithms", "Presentations\DataStructuresAndAlgorithms\DataStructuresAndAlgorithms.csproj", "{D742258B-8A30-4A72-AA38-30299C9F9C29}"
EndProject
Project("{9A19103F-16F7-4668-BE54-9A1E7A4F7556}") = "Data", "Shares\Data\Data.csproj", "{10D7939A-EE7E-4042-843E-ED734E20159A}"
EndProject
Project("{9A19103F-16F7-4668-BE54-9A1E7A4F7556}") = "RandomData", "Shares\RandomData\RandomData.csproj", "{8BD9EABB-E41B-4984-92D8-EED78B9FA991}"
EndProject
Project("{9A19103F-16F7-4668-BE54-9A1E7A4F7556}") = "InsertionSort", "Algorithms\Sorting algorithms\InsertionSort\InsertionSort.csproj", "{B0F24C68-7763-4B59-83F4-33216FA01300}"
EndProject
Project("{9A19103F-16F7-4668-BE54-9A1E7A4F7556}") = "BubbleSort", "Algorithms\Sorting algorithms\BubbleSort\BubbleSort.csproj", "{502D2999-825D-440C-AFC2-173E7373C481}"
EndProject
Project("{9A19103F-16F7-4668-BE54-9A1E7A4F7556}") = "QuickSort", "Algorithms\Sorting algorithms\QuickSort\QuickSort.csproj", "{3B5E0DC0-0331-4618-8D4C-1D72630C7EE0}"
EndProject
Project("{9A19103F-16F7-4668-BE54-9A1E7A4F7556}") = "MergeSort", "Algorithms\Sorting algorithms\MergeSort\MergeSort.csproj", "{8EEED3B0-FB51-40A8-A4A7-F7C98DF9035F}"
EndProject
Project("{9A19103F-16F7-4668-BE54-9A1E7A4F7556}") = "SelectionSort", "Algorithms\Sorting algorithms\SelectionSort\SelectionSort.csproj", "{E93874F0-B0C5-4A04-9852-0D293BB86A0B}"
EndProject
Project("{9A19103F-16F7-4668-BE54-9A1E7A4F7556}") = "Stack", "Algorithms\Custom Abstract data types algorithms\Stack\Stack.csproj", "{9BE7A02A-F512-442B-8830-E105E611B087}"
EndProject
Project("{9A19103F-16F7-4668-BE54-9A1E7A4F7556}") = "Queue", "Algorithms\Custom Abstract data types algorithms\Queue\Queue.csproj", "{45E2DA40-FC03-43A2-AF7B-F3E8F94CE735}"
EndProject
Project("{9A19103F-16F7-4668-BE54-9A1E7A4F7556}") = "TernarySearch", "Algorithms\Searching algorithms\TernarySearch\TernarySearch.csproj", "{DABF98E7-54A7-4A1C-8679-F2804A23FC97}"
EndProject
Project("{9A19103F-16F7-4668-BE54-9A1E7A4F7556}") = "JumpSearch", "Algorithms\Searching algorithms\JumpSearch\JumpSearch.csproj", "{9B2B98BB-90C5-42BE-BDAA-EAC35F9DF41B}"
EndProject
Project("{2150E333-8FDC-42A3-9474-1A3956D46DE8}") = "Solution Items", "Solution Items", "{566D9F31-E91E-4E53-A676-A4234D2D97B0}"
	ProjectSection(SolutionItems) = preProject
		README.MD = README.MD
	EndProjectSection
EndProject
Project("{9A19103F-16F7-4668-BE54-9A1E7A4F7556}") = "FibonacciSearch", "Algorithms\Searching algorithms\FibonacciSearch\FibonacciSearch.csproj", "{DDC6BB8F-9AA8-45C0-881B-DD55921D8FB3}"
EndProject
Project("{9A19103F-16F7-4668-BE54-9A1E7A4F7556}") = "ArrayList", "Algorithms\Custom Abstract data types algorithms\ArrayList\ArrayList.csproj", "{B892F235-1D33-4834-A7ED-25CA07C59F9A}"
EndProject
Project("{FAE04EC0-301F-11D3-BF4B-00C04F79EFBC}") = "HashSet", "Algorithms\Custom Abstract data types algorithms\HashSet\HashSet.csproj", "{C1D0A787-38B3-4129-BF87-66797FEBCAAB}"
EndProject
Global
	GlobalSection(SolutionConfigurationPlatforms) = preSolution
		Debug|Any CPU = Debug|Any CPU
		Release|Any CPU = Release|Any CPU
	EndGlobalSection
	GlobalSection(ProjectConfigurationPlatforms) = postSolution
		{B9861353-6ADF-4191-A847-F517ADD4B9A0}.Debug|Any CPU.ActiveCfg = Debug|Any CPU
		{B9861353-6ADF-4191-A847-F517ADD4B9A0}.Debug|Any CPU.Build.0 = Debug|Any CPU
		{B9861353-6ADF-4191-A847-F517ADD4B9A0}.Release|Any CPU.ActiveCfg = Release|Any CPU
		{B9861353-6ADF-4191-A847-F517ADD4B9A0}.Release|Any CPU.Build.0 = Release|Any CPU
		{B70D8BBF-33EC-4FF9-84BB-E378CE03A3A7}.Debug|Any CPU.ActiveCfg = Debug|Any CPU
		{B70D8BBF-33EC-4FF9-84BB-E378CE03A3A7}.Debug|Any CPU.Build.0 = Debug|Any CPU
		{B70D8BBF-33EC-4FF9-84BB-E378CE03A3A7}.Release|Any CPU.ActiveCfg = Release|Any CPU
		{B70D8BBF-33EC-4FF9-84BB-E378CE03A3A7}.Release|Any CPU.Build.0 = Release|Any CPU
		{E5C56C27-9074-4CAA-B1CB-A12F6B8F86CF}.Debug|Any CPU.ActiveCfg = Debug|Any CPU
		{E5C56C27-9074-4CAA-B1CB-A12F6B8F86CF}.Debug|Any CPU.Build.0 = Debug|Any CPU
		{E5C56C27-9074-4CAA-B1CB-A12F6B8F86CF}.Release|Any CPU.ActiveCfg = Release|Any CPU
		{E5C56C27-9074-4CAA-B1CB-A12F6B8F86CF}.Release|Any CPU.Build.0 = Release|Any CPU
		{D742258B-8A30-4A72-AA38-30299C9F9C29}.Debug|Any CPU.ActiveCfg = Debug|Any CPU
		{D742258B-8A30-4A72-AA38-30299C9F9C29}.Debug|Any CPU.Build.0 = Debug|Any CPU
		{D742258B-8A30-4A72-AA38-30299C9F9C29}.Release|Any CPU.ActiveCfg = Release|Any CPU
		{D742258B-8A30-4A72-AA38-30299C9F9C29}.Release|Any CPU.Build.0 = Release|Any CPU
		{10D7939A-EE7E-4042-843E-ED734E20159A}.Debug|Any CPU.ActiveCfg = Debug|Any CPU
		{10D7939A-EE7E-4042-843E-ED734E20159A}.Debug|Any CPU.Build.0 = Debug|Any CPU
		{10D7939A-EE7E-4042-843E-ED734E20159A}.Release|Any CPU.ActiveCfg = Release|Any CPU
		{10D7939A-EE7E-4042-843E-ED734E20159A}.Release|Any CPU.Build.0 = Release|Any CPU
		{8BD9EABB-E41B-4984-92D8-EED78B9FA991}.Debug|Any CPU.ActiveCfg = Debug|Any CPU
		{8BD9EABB-E41B-4984-92D8-EED78B9FA991}.Debug|Any CPU.Build.0 = Debug|Any CPU
		{8BD9EABB-E41B-4984-92D8-EED78B9FA991}.Release|Any CPU.ActiveCfg = Release|Any CPU
		{8BD9EABB-E41B-4984-92D8-EED78B9FA991}.Release|Any CPU.Build.0 = Release|Any CPU
		{B0F24C68-7763-4B59-83F4-33216FA01300}.Debug|Any CPU.ActiveCfg = Debug|Any CPU
		{B0F24C68-7763-4B59-83F4-33216FA01300}.Debug|Any CPU.Build.0 = Debug|Any CPU
		{B0F24C68-7763-4B59-83F4-33216FA01300}.Release|Any CPU.ActiveCfg = Release|Any CPU
		{B0F24C68-7763-4B59-83F4-33216FA01300}.Release|Any CPU.Build.0 = Release|Any CPU
		{502D2999-825D-440C-AFC2-173E7373C481}.Debug|Any CPU.ActiveCfg = Debug|Any CPU
		{502D2999-825D-440C-AFC2-173E7373C481}.Debug|Any CPU.Build.0 = Debug|Any CPU
		{502D2999-825D-440C-AFC2-173E7373C481}.Release|Any CPU.ActiveCfg = Release|Any CPU
		{502D2999-825D-440C-AFC2-173E7373C481}.Release|Any CPU.Build.0 = Release|Any CPU
		{3B5E0DC0-0331-4618-8D4C-1D72630C7EE0}.Debug|Any CPU.ActiveCfg = Debug|Any CPU
		{3B5E0DC0-0331-4618-8D4C-1D72630C7EE0}.Debug|Any CPU.Build.0 = Debug|Any CPU
		{3B5E0DC0-0331-4618-8D4C-1D72630C7EE0}.Release|Any CPU.ActiveCfg = Release|Any CPU
		{3B5E0DC0-0331-4618-8D4C-1D72630C7EE0}.Release|Any CPU.Build.0 = Release|Any CPU
		{8EEED3B0-FB51-40A8-A4A7-F7C98DF9035F}.Debug|Any CPU.ActiveCfg = Debug|Any CPU
		{8EEED3B0-FB51-40A8-A4A7-F7C98DF9035F}.Debug|Any CPU.Build.0 = Debug|Any CPU
		{8EEED3B0-FB51-40A8-A4A7-F7C98DF9035F}.Release|Any CPU.ActiveCfg = Release|Any CPU
		{8EEED3B0-FB51-40A8-A4A7-F7C98DF9035F}.Release|Any CPU.Build.0 = Release|Any CPU
		{E93874F0-B0C5-4A04-9852-0D293BB86A0B}.Debug|Any CPU.ActiveCfg = Debug|Any CPU
		{E93874F0-B0C5-4A04-9852-0D293BB86A0B}.Debug|Any CPU.Build.0 = Debug|Any CPU
		{E93874F0-B0C5-4A04-9852-0D293BB86A0B}.Release|Any CPU.ActiveCfg = Release|Any CPU
		{E93874F0-B0C5-4A04-9852-0D293BB86A0B}.Release|Any CPU.Build.0 = Release|Any CPU
		{9BE7A02A-F512-442B-8830-E105E611B087}.Debug|Any CPU.ActiveCfg = Debug|Any CPU
		{9BE7A02A-F512-442B-8830-E105E611B087}.Debug|Any CPU.Build.0 = Debug|Any CPU
		{9BE7A02A-F512-442B-8830-E105E611B087}.Release|Any CPU.ActiveCfg = Release|Any CPU
		{9BE7A02A-F512-442B-8830-E105E611B087}.Release|Any CPU.Build.0 = Release|Any CPU
		{45E2DA40-FC03-43A2-AF7B-F3E8F94CE735}.Debug|Any CPU.ActiveCfg = Debug|Any CPU
		{45E2DA40-FC03-43A2-AF7B-F3E8F94CE735}.Debug|Any CPU.Build.0 = Debug|Any CPU
		{45E2DA40-FC03-43A2-AF7B-F3E8F94CE735}.Release|Any CPU.ActiveCfg = Release|Any CPU
		{45E2DA40-FC03-43A2-AF7B-F3E8F94CE735}.Release|Any CPU.Build.0 = Release|Any CPU
		{DABF98E7-54A7-4A1C-8679-F2804A23FC97}.Debug|Any CPU.ActiveCfg = Debug|Any CPU
		{DABF98E7-54A7-4A1C-8679-F2804A23FC97}.Debug|Any CPU.Build.0 = Debug|Any CPU
		{DABF98E7-54A7-4A1C-8679-F2804A23FC97}.Release|Any CPU.ActiveCfg = Release|Any CPU
		{DABF98E7-54A7-4A1C-8679-F2804A23FC97}.Release|Any CPU.Build.0 = Release|Any CPU
		{9B2B98BB-90C5-42BE-BDAA-EAC35F9DF41B}.Debug|Any CPU.ActiveCfg = Debug|Any CPU
		{9B2B98BB-90C5-42BE-BDAA-EAC35F9DF41B}.Debug|Any CPU.Build.0 = Debug|Any CPU
		{9B2B98BB-90C5-42BE-BDAA-EAC35F9DF41B}.Release|Any CPU.ActiveCfg = Release|Any CPU
		{9B2B98BB-90C5-42BE-BDAA-EAC35F9DF41B}.Release|Any CPU.Build.0 = Release|Any CPU
		{DDC6BB8F-9AA8-45C0-881B-DD55921D8FB3}.Debug|Any CPU.ActiveCfg = Debug|Any CPU
		{DDC6BB8F-9AA8-45C0-881B-DD55921D8FB3}.Debug|Any CPU.Build.0 = Debug|Any CPU
		{DDC6BB8F-9AA8-45C0-881B-DD55921D8FB3}.Release|Any CPU.ActiveCfg = Release|Any CPU
		{DDC6BB8F-9AA8-45C0-881B-DD55921D8FB3}.Release|Any CPU.Build.0 = Release|Any CPU
		{B892F235-1D33-4834-A7ED-25CA07C59F9A}.Debug|Any CPU.ActiveCfg = Debug|Any CPU
		{B892F235-1D33-4834-A7ED-25CA07C59F9A}.Debug|Any CPU.Build.0 = Debug|Any CPU
		{B892F235-1D33-4834-A7ED-25CA07C59F9A}.Release|Any CPU.ActiveCfg = Release|Any CPU
		{B892F235-1D33-4834-A7ED-25CA07C59F9A}.Release|Any CPU.Build.0 = Release|Any CPU
		{C1D0A787-38B3-4129-BF87-66797FEBCAAB}.Debug|Any CPU.ActiveCfg = Debug|Any CPU
		{C1D0A787-38B3-4129-BF87-66797FEBCAAB}.Debug|Any CPU.Build.0 = Debug|Any CPU
		{C1D0A787-38B3-4129-BF87-66797FEBCAAB}.Release|Any CPU.ActiveCfg = Release|Any CPU
		{C1D0A787-38B3-4129-BF87-66797FEBCAAB}.Release|Any CPU.Build.0 = Release|Any CPU
	EndGlobalSection
	GlobalSection(SolutionProperties) = preSolution
		HideSolutionNode = FALSE
	EndGlobalSection
	GlobalSection(NestedProjects) = preSolution
		{EDA88687-37E5-4CB0-B165-99C234663DCC} = {BDB42EA0-6473-45BF-8F24-3A2EA60CEC13}
		{90AAC62F-6373-40D6-B54E-B5BF7AC25166} = {BDB42EA0-6473-45BF-8F24-3A2EA60CEC13}
		{B9861353-6ADF-4191-A847-F517ADD4B9A0} = {EDA88687-37E5-4CB0-B165-99C234663DCC}
		{B70D8BBF-33EC-4FF9-84BB-E378CE03A3A7} = {EDA88687-37E5-4CB0-B165-99C234663DCC}
		{97F18839-2773-43C8-A7C7-1E05888E8312} = {BDB42EA0-6473-45BF-8F24-3A2EA60CEC13}
		{E5C56C27-9074-4CAA-B1CB-A12F6B8F86CF} = {97F18839-2773-43C8-A7C7-1E05888E8312}
		{D742258B-8A30-4A72-AA38-30299C9F9C29} = {B3320665-C376-46E4-AA15-07C94C7998F4}
		{10D7939A-EE7E-4042-843E-ED734E20159A} = {51CDAE2C-26DF-4EC6-8A66-D94120ECC850}
		{8BD9EABB-E41B-4984-92D8-EED78B9FA991} = {51CDAE2C-26DF-4EC6-8A66-D94120ECC850}
		{B0F24C68-7763-4B59-83F4-33216FA01300} = {90AAC62F-6373-40D6-B54E-B5BF7AC25166}
		{502D2999-825D-440C-AFC2-173E7373C481} = {90AAC62F-6373-40D6-B54E-B5BF7AC25166}
		{3B5E0DC0-0331-4618-8D4C-1D72630C7EE0} = {90AAC62F-6373-40D6-B54E-B5BF7AC25166}
		{8EEED3B0-FB51-40A8-A4A7-F7C98DF9035F} = {90AAC62F-6373-40D6-B54E-B5BF7AC25166}
		{E93874F0-B0C5-4A04-9852-0D293BB86A0B} = {90AAC62F-6373-40D6-B54E-B5BF7AC25166}
		{9BE7A02A-F512-442B-8830-E105E611B087} = {97F18839-2773-43C8-A7C7-1E05888E8312}
		{45E2DA40-FC03-43A2-AF7B-F3E8F94CE735} = {97F18839-2773-43C8-A7C7-1E05888E8312}
		{DABF98E7-54A7-4A1C-8679-F2804A23FC97} = {EDA88687-37E5-4CB0-B165-99C234663DCC}
		{9B2B98BB-90C5-42BE-BDAA-EAC35F9DF41B} = {EDA88687-37E5-4CB0-B165-99C234663DCC}
		{DDC6BB8F-9AA8-45C0-881B-DD55921D8FB3} = {EDA88687-37E5-4CB0-B165-99C234663DCC}
		{B892F235-1D33-4834-A7ED-25CA07C59F9A} = {97F18839-2773-43C8-A7C7-1E05888E8312}
		{C1D0A787-38B3-4129-BF87-66797FEBCAAB} = {97F18839-2773-43C8-A7C7-1E05888E8312}
	EndGlobalSection
	GlobalSection(ExtensibilityGlobals) = postSolution
		SolutionGuid = {4CCF8022-6EFC-48B8-91FE-D4EA5C7496E0}
	EndGlobalSection
EndGlobal
